
Microsoft Visual Studio Solution File, Format Version 12.00
# Visual Studio 2012
Project("{FAE04EC0-301F-11D3-BF4B-00C04F79EFBC}") = "Said", "Said\Said.csproj", "{42AB1F38-E2DE-4C8E-98CC-FF885AC4B85C}"
EndProject
Project("{2150E333-8FDC-42A3-9474-1A3956D46DE8}") = "Said.Core", "Said.Core", "{A6995322-C3FF-4910-869F-86FF617ABA6B}"
EndProject
Project("{2150E333-8FDC-42A3-9474-1A3956D46DE8}") = "Said.Framework", "Said.Framework", "{266BD31B-E0DE-4ABE-A0DD-FE459EC96DA8}"
EndProject
Project("{2150E333-8FDC-42A3-9474-1A3956D46DE8}") = "Said.DataBase", "Said.DataBase", "{C854C4D2-0956-4AFE-9812-A2E22E772C6A}"
EndProject
Project("{FAE04EC0-301F-11D3-BF4B-00C04F79EFBC}") = "Said.IDal", "Said.Core\Said.DataBase\Said.IDal\Said.IDal.csproj", "{E4FB09D8-5E1F-46DD-8889-FC41A74A2651}"
EndProject
Project("{FAE04EC0-301F-11D3-BF4B-00C04F79EFBC}") = "Said.Dal", "Said.Core\Said.DataBase\Said.Dal\Said.Dal.csproj", "{8E8730E2-865B-446C-AC9C-653FD14F43E2}"
EndProject
Project("{2150E333-8FDC-42A3-9474-1A3956D46DE8}") = "Said.Data", "Said.Data", "{FFE29BBF-DA23-4C23-AE75-459528D609B6}"
EndProject
Project("{FAE04EC0-301F-11D3-BF4B-00C04F79EFBC}") = "Said.Models", "Said.Core\Said.Data\Said.Models\Said.Models.csproj", "{5EEA2530-2FBF-4F5B-8F13-DD2BF3035BA7}"
EndProject
Project("{FAE04EC0-301F-11D3-BF4B-00C04F79EFBC}") = "Said.Service", "Said.Core\Said.Data\Said.Service\Said.Service.csproj", "{DFDC5CAE-7D8C-4622-B245-A4564B558063}"
EndProject
Project("{FAE04EC0-301F-11D3-BF4B-00C04F79EFBC}") = "Said.Exception", "Said.Core\Said.Data\Said.Exception\Said.Exception.csproj", "{C95FAD23-9800-4788-BE6E-0DE505FB4D7E}"
EndProject
Project("{FAE04EC0-301F-11D3-BF4B-00C04F79EFBC}") = "Said.Log", "Said.Core\Said.Data\Said.Log\Said.Log.csproj", "{A49AEAE2-D5D4-4936-A57A-668991706C13}"
EndProject
Project("{2150E333-8FDC-42A3-9474-1A3956D46DE8}") = "Said.Common", "Said.Common", "{0FEBF7FA-76AE-4C52-93BD-03D90DBCAC3F}"
EndProject
Project("{FAE04EC0-301F-11D3-BF4B-00C04F79EFBC}") = "Said.File", "Said.Core\Said.Common\Said.File\Said.File.csproj", "{B05EDD85-ED5D-4ADE-B663-7471D42AC125}"
EndProject
Project("{FAE04EC0-301F-11D3-BF4B-00C04F79EFBC}") = "Said.DataCenter", "Said.Core\Said.Data\Said.DataCenter\Said.DataCenter.csproj", "{07D767E8-D5CC-4D38-944C-0A2909BFDE32}"
EndProject
Project("{FAE04EC0-301F-11D3-BF4B-00C04F79EFBC}") = "Said.Cache", "Said.Core\Said.Data\Said.Cache\Said.Cache.csproj", "{53552A48-4B2D-4FE1-BD8E-EAA3637BBECB}"
EndProject
Project("{FAE04EC0-301F-11D3-BF4B-00C04F79EFBC}") = "Said.Attr", "Said.Core\Said.Data\Said.Attr\Said.Attr.csproj", "{625DDF02-E823-4A3B-A4C6-AB750644B344}"
EndProject
Project("{FAE04EC0-301F-11D3-BF4B-00C04F79EFBC}") = "Said.DataHelper", "Said.Core\Said.Data\Said.DataHelper\Said.DataHelper.csproj", "{CBFDD69C-07ED-4657-9058-514CAB8864FD}"
EndProject
Project("{FAE04EC0-301F-11D3-BF4B-00C04F79EFBC}") = "Said.XML", "Said.Core\Said.Common\Said.XML\Said.XML\Said.XML.csproj", "{13668850-C5B6-431C-A471-F413CF08AD0C}"
EndProject
Project("{F088123C-0E9E-452A-89E6-6BA2F21D5CAC}") = "Said.UML", "Said.UML\Said.UML.modelproj", "{81143D0D-8640-4D20-B57F-F6731A62081F}"
EndProject
Project("{2150E333-8FDC-42A3-9474-1A3956D46DE8}") = "Said.Infrastructure", "Said.Infrastructure", "{8959F066-BDB3-41C9-95F1-FEA23B22CD54}"
EndProject
Project("{2150E333-8FDC-42A3-9474-1A3956D46DE8}") = "Said.Domain", "Said.Domain", "{D95DAF08-E7C5-415E-A305-DF26B3B1DC20}"
EndProject
Project("{FAE04EC0-301F-11D3-BF4B-00C04F79EFBC}") = "Said.Entity", "Said.Domain\Said.Entity\Said.Entity.csproj", "{C7B5D3A8-ACCF-41EA-9897-7DFCDEA4A198}"
EndProject
Project("{2150E333-8FDC-42A3-9474-1A3956D46DE8}") = "Said.Domain.Services", "Said.Domain.Services", "{BFCE1C7C-5CCD-45E2-9DE3-7A8F9D73B42F}"
EndProject
Project("{FAE04EC0-301F-11D3-BF4B-00C04F79EFBC}") = "Said.Dal", "Said.Domain\Said.Dal\Said.Dal.csproj", "{3E0B0E1C-D09A-4587-8A37-EA7975A5EB03}"
EndProject
Global
	GlobalSection(SolutionConfigurationPlatforms) = preSolution
		Debug|Any CPU = Debug|Any CPU
		Release|Any CPU = Release|Any CPU
	EndGlobalSection
	GlobalSection(ProjectConfigurationPlatforms) = postSolution
		{42AB1F38-E2DE-4C8E-98CC-FF885AC4B85C}.Debug|Any CPU.ActiveCfg = Debug|Any CPU
		{42AB1F38-E2DE-4C8E-98CC-FF885AC4B85C}.Debug|Any CPU.Build.0 = Debug|Any CPU
		{42AB1F38-E2DE-4C8E-98CC-FF885AC4B85C}.Release|Any CPU.ActiveCfg = Release|Any CPU
		{42AB1F38-E2DE-4C8E-98CC-FF885AC4B85C}.Release|Any CPU.Build.0 = Release|Any CPU
		{E4FB09D8-5E1F-46DD-8889-FC41A74A2651}.Debug|Any CPU.ActiveCfg = Debug|Any CPU
		{E4FB09D8-5E1F-46DD-8889-FC41A74A2651}.Debug|Any CPU.Build.0 = Debug|Any CPU
		{E4FB09D8-5E1F-46DD-8889-FC41A74A2651}.Release|Any CPU.ActiveCfg = Release|Any CPU
		{E4FB09D8-5E1F-46DD-8889-FC41A74A2651}.Release|Any CPU.Build.0 = Release|Any CPU
		{8E8730E2-865B-446C-AC9C-653FD14F43E2}.Debug|Any CPU.ActiveCfg = Debug|Any CPU
		{8E8730E2-865B-446C-AC9C-653FD14F43E2}.Debug|Any CPU.Build.0 = Debug|Any CPU
		{8E8730E2-865B-446C-AC9C-653FD14F43E2}.Release|Any CPU.ActiveCfg = Release|Any CPU
		{8E8730E2-865B-446C-AC9C-653FD14F43E2}.Release|Any CPU.Build.0 = Release|Any CPU
		{5EEA2530-2FBF-4F5B-8F13-DD2BF3035BA7}.Debug|Any CPU.ActiveCfg = Debug|Any CPU
		{5EEA2530-2FBF-4F5B-8F13-DD2BF3035BA7}.Debug|Any CPU.Build.0 = Debug|Any CPU
		{5EEA2530-2FBF-4F5B-8F13-DD2BF3035BA7}.Release|Any CPU.ActiveCfg = Release|Any CPU
		{5EEA2530-2FBF-4F5B-8F13-DD2BF3035BA7}.Release|Any CPU.Build.0 = Release|Any CPU
		{DFDC5CAE-7D8C-4622-B245-A4564B558063}.Debug|Any CPU.ActiveCfg = Debug|Any CPU
		{DFDC5CAE-7D8C-4622-B245-A4564B558063}.Debug|Any CPU.Build.0 = Debug|Any CPU
		{DFDC5CAE-7D8C-4622-B245-A4564B558063}.Release|Any CPU.ActiveCfg = Release|Any CPU
		{DFDC5CAE-7D8C-4622-B245-A4564B558063}.Release|Any CPU.Build.0 = Release|Any CPU
		{C95FAD23-9800-4788-BE6E-0DE505FB4D7E}.Debug|Any CPU.ActiveCfg = Debug|Any CPU
		{C95FAD23-9800-4788-BE6E-0DE505FB4D7E}.Debug|Any CPU.Build.0 = Debug|Any CPU
		{C95FAD23-9800-4788-BE6E-0DE505FB4D7E}.Release|Any CPU.ActiveCfg = Release|Any CPU
		{C95FAD23-9800-4788-BE6E-0DE505FB4D7E}.Release|Any CPU.Build.0 = Release|Any CPU
		{A49AEAE2-D5D4-4936-A57A-668991706C13}.Debug|Any CPU.ActiveCfg = Debug|Any CPU
		{A49AEAE2-D5D4-4936-A57A-668991706C13}.Debug|Any CPU.Build.0 = Debug|Any CPU
		{A49AEAE2-D5D4-4936-A57A-668991706C13}.Release|Any CPU.ActiveCfg = Release|Any CPU
		{A49AEAE2-D5D4-4936-A57A-668991706C13}.Release|Any CPU.Build.0 = Release|Any CPU
		{B05EDD85-ED5D-4ADE-B663-7471D42AC125}.Debug|Any CPU.ActiveCfg = Debug|Any CPU
		{B05EDD85-ED5D-4ADE-B663-7471D42AC125}.Debug|Any CPU.Build.0 = Debug|Any CPU
		{B05EDD85-ED5D-4ADE-B663-7471D42AC125}.Release|Any CPU.ActiveCfg = Release|Any CPU
		{B05EDD85-ED5D-4ADE-B663-7471D42AC125}.Release|Any CPU.Build.0 = Release|Any CPU
		{07D767E8-D5CC-4D38-944C-0A2909BFDE32}.Debug|Any CPU.ActiveCfg = Debug|Any CPU
		{07D767E8-D5CC-4D38-944C-0A2909BFDE32}.Debug|Any CPU.Build.0 = Debug|Any CPU
		{07D767E8-D5CC-4D38-944C-0A2909BFDE32}.Release|Any CPU.ActiveCfg = Release|Any CPU
		{07D767E8-D5CC-4D38-944C-0A2909BFDE32}.Release|Any CPU.Build.0 = Release|Any CPU
		{53552A48-4B2D-4FE1-BD8E-EAA3637BBECB}.Debug|Any CPU.ActiveCfg = Debug|Any CPU
		{53552A48-4B2D-4FE1-BD8E-EAA3637BBECB}.Debug|Any CPU.Build.0 = Debug|Any CPU
		{53552A48-4B2D-4FE1-BD8E-EAA3637BBECB}.Release|Any CPU.ActiveCfg = Release|Any CPU
		{53552A48-4B2D-4FE1-BD8E-EAA3637BBECB}.Release|Any CPU.Build.0 = Release|Any CPU
		{625DDF02-E823-4A3B-A4C6-AB750644B344}.Debug|Any CPU.ActiveCfg = Debug|Any CPU
		{625DDF02-E823-4A3B-A4C6-AB750644B344}.Debug|Any CPU.Build.0 = Debug|Any CPU
		{625DDF02-E823-4A3B-A4C6-AB750644B344}.Release|Any CPU.ActiveCfg = Release|Any CPU
		{625DDF02-E823-4A3B-A4C6-AB750644B344}.Release|Any CPU.Build.0 = Release|Any CPU
		{CBFDD69C-07ED-4657-9058-514CAB8864FD}.Debug|Any CPU.ActiveCfg = Debug|Any CPU
		{CBFDD69C-07ED-4657-9058-514CAB8864FD}.Debug|Any CPU.Build.0 = Debug|Any CPU
		{CBFDD69C-07ED-4657-9058-514CAB8864FD}.Release|Any CPU.ActiveCfg = Release|Any CPU
		{CBFDD69C-07ED-4657-9058-514CAB8864FD}.Release|Any CPU.Build.0 = Release|Any CPU
		{13668850-C5B6-431C-A471-F413CF08AD0C}.Debug|Any CPU.ActiveCfg = Debug|Any CPU
		{13668850-C5B6-431C-A471-F413CF08AD0C}.Debug|Any CPU.Build.0 = Debug|Any CPU
		{13668850-C5B6-431C-A471-F413CF08AD0C}.Release|Any CPU.ActiveCfg = Release|Any CPU
		{13668850-C5B6-431C-A471-F413CF08AD0C}.Release|Any CPU.Build.0 = Release|Any CPU
		{81143D0D-8640-4D20-B57F-F6731A62081F}.Debug|Any CPU.ActiveCfg = Debug|Any CPU
		{81143D0D-8640-4D20-B57F-F6731A62081F}.Debug|Any CPU.Build.0 = Debug|Any CPU
		{81143D0D-8640-4D20-B57F-F6731A62081F}.Release|Any CPU.ActiveCfg = Release|Any CPU
		{81143D0D-8640-4D20-B57F-F6731A62081F}.Release|Any CPU.Build.0 = Release|Any CPU
		{C7B5D3A8-ACCF-41EA-9897-7DFCDEA4A198}.Debug|Any CPU.ActiveCfg = Debug|Any CPU
		{C7B5D3A8-ACCF-41EA-9897-7DFCDEA4A198}.Debug|Any CPU.Build.0 = Debug|Any CPU
		{C7B5D3A8-ACCF-41EA-9897-7DFCDEA4A198}.Release|Any CPU.ActiveCfg = Release|Any CPU
		{C7B5D3A8-ACCF-41EA-9897-7DFCDEA4A198}.Release|Any CPU.Build.0 = Release|Any CPU
		{3E0B0E1C-D09A-4587-8A37-EA7975A5EB03}.Debug|Any CPU.ActiveCfg = Debug|Any CPU
		{3E0B0E1C-D09A-4587-8A37-EA7975A5EB03}.Debug|Any CPU.Build.0 = Debug|Any CPU
		{3E0B0E1C-D09A-4587-8A37-EA7975A5EB03}.Release|Any CPU.ActiveCfg = Release|Any CPU
		{3E0B0E1C-D09A-4587-8A37-EA7975A5EB03}.Release|Any CPU.Build.0 = Release|Any CPU
	EndGlobalSection
	GlobalSection(SolutionProperties) = preSolution
		HideSolutionNode = FALSE
	EndGlobalSection
	GlobalSection(NestedProjects) = preSolution
		{C854C4D2-0956-4AFE-9812-A2E22E772C6A} = {A6995322-C3FF-4910-869F-86FF617ABA6B}
		{FFE29BBF-DA23-4C23-AE75-459528D609B6} = {A6995322-C3FF-4910-869F-86FF617ABA6B}
		{0FEBF7FA-76AE-4C52-93BD-03D90DBCAC3F} = {A6995322-C3FF-4910-869F-86FF617ABA6B}
		{E4FB09D8-5E1F-46DD-8889-FC41A74A2651} = {C854C4D2-0956-4AFE-9812-A2E22E772C6A}
		{8E8730E2-865B-446C-AC9C-653FD14F43E2} = {C854C4D2-0956-4AFE-9812-A2E22E772C6A}
		{5EEA2530-2FBF-4F5B-8F13-DD2BF3035BA7} = {FFE29BBF-DA23-4C23-AE75-459528D609B6}
		{DFDC5CAE-7D8C-4622-B245-A4564B558063} = {FFE29BBF-DA23-4C23-AE75-459528D609B6}
		{C95FAD23-9800-4788-BE6E-0DE505FB4D7E} = {FFE29BBF-DA23-4C23-AE75-459528D609B6}
		{A49AEAE2-D5D4-4936-A57A-668991706C13} = {FFE29BBF-DA23-4C23-AE75-459528D609B6}
		{07D767E8-D5CC-4D38-944C-0A2909BFDE32} = {FFE29BBF-DA23-4C23-AE75-459528D609B6}
		{53552A48-4B2D-4FE1-BD8E-EAA3637BBECB} = {FFE29BBF-DA23-4C23-AE75-459528D609B6}
		{625DDF02-E823-4A3B-A4C6-AB750644B344} = {FFE29BBF-DA23-4C23-AE75-459528D609B6}
		{CBFDD69C-07ED-4657-9058-514CAB8864FD} = {FFE29BBF-DA23-4C23-AE75-459528D609B6}
		{B05EDD85-ED5D-4ADE-B663-7471D42AC125} = {0FEBF7FA-76AE-4C52-93BD-03D90DBCAC3F}
		{13668850-C5B6-431C-A471-F413CF08AD0C} = {0FEBF7FA-76AE-4C52-93BD-03D90DBCAC3F}
		{C7B5D3A8-ACCF-41EA-9897-7DFCDEA4A198} = {D95DAF08-E7C5-415E-A305-DF26B3B1DC20}
		{BFCE1C7C-5CCD-45E2-9DE3-7A8F9D73B42F} = {D95DAF08-E7C5-415E-A305-DF26B3B1DC20}
		{3E0B0E1C-D09A-4587-8A37-EA7975A5EB03} = {BFCE1C7C-5CCD-45E2-9DE3-7A8F9D73B42F}
	EndGlobalSection
EndGlobal
