
Microsoft Visual Studio Solution File, Format Version 12.00
# Visual Studio 2012
Project("{FAE04EC0-301F-11D3-BF4B-00C04F79EFBC}") = "Said", "Said\Said.csproj", "{42AB1F38-E2DE-4C8E-98CC-FF885AC4B85C}"
EndProject
Project("{F088123C-0E9E-452A-89E6-6BA2F21D5CAC}") = "Said.UML", "Said.UML\Said.UML.modelproj", "{81143D0D-8640-4D20-B57F-F6731A62081F}"
EndProject
Project("{FAE04EC0-301F-11D3-BF4B-00C04F79EFBC}") = "Said.Domain", "Said.Domain\Said.Domain.csproj", "{E011658E-41E9-47A9-A27E-A20D0859BD05}"
EndProject
Project("{FAE04EC0-301F-11D3-BF4B-00C04F79EFBC}") = "Said.Infrastructure", "Said.Infrastructure\Said.Infrastructure.csproj", "{4D0BEFC8-41D0-43F7-9E61-5524893CD06D}"
EndProject
Project("{FAE04EC0-301F-11D3-BF4B-00C04F79EFBC}") = "Said.Application", "Said.Application\Said.Application.csproj", "{4533AC8B-3C7B-4D9B-96DC-3EB5195D4A66}"
EndProject
Project("{FAE04EC0-301F-11D3-BF4B-00C04F79EFBC}") = "Said.Test", "Said.Test\Said.Test.csproj", "{68F715DA-EF29-47C6-AF71-212D613AC266}"
EndProject
Global
	GlobalSection(SolutionConfigurationPlatforms) = preSolution
		Debug|Any CPU = Debug|Any CPU
		Release|Any CPU = Release|Any CPU
	EndGlobalSection
	GlobalSection(ProjectConfigurationPlatforms) = postSolution
		{42AB1F38-E2DE-4C8E-98CC-FF885AC4B85C}.Debug|Any CPU.ActiveCfg = Debug|Any CPU
		{42AB1F38-E2DE-4C8E-98CC-FF885AC4B85C}.Debug|Any CPU.Build.0 = Debug|Any CPU
		{42AB1F38-E2DE-4C8E-98CC-FF885AC4B85C}.Release|Any CPU.ActiveCfg = Release|Any CPU
		{42AB1F38-E2DE-4C8E-98CC-FF885AC4B85C}.Release|Any CPU.Build.0 = Release|Any CPU
		{81143D0D-8640-4D20-B57F-F6731A62081F}.Debug|Any CPU.ActiveCfg = Debug|Any CPU
		{81143D0D-8640-4D20-B57F-F6731A62081F}.Debug|Any CPU.Build.0 = Debug|Any CPU
		{81143D0D-8640-4D20-B57F-F6731A62081F}.Release|Any CPU.ActiveCfg = Release|Any CPU
		{81143D0D-8640-4D20-B57F-F6731A62081F}.Release|Any CPU.Build.0 = Release|Any CPU
		{E011658E-41E9-47A9-A27E-A20D0859BD05}.Debug|Any CPU.ActiveCfg = Debug|Any CPU
		{E011658E-41E9-47A9-A27E-A20D0859BD05}.Debug|Any CPU.Build.0 = Debug|Any CPU
		{E011658E-41E9-47A9-A27E-A20D0859BD05}.Release|Any CPU.ActiveCfg = Release|Any CPU
		{E011658E-41E9-47A9-A27E-A20D0859BD05}.Release|Any CPU.Build.0 = Release|Any CPU
		{4D0BEFC8-41D0-43F7-9E61-5524893CD06D}.Debug|Any CPU.ActiveCfg = Debug|Any CPU
		{4D0BEFC8-41D0-43F7-9E61-5524893CD06D}.Debug|Any CPU.Build.0 = Debug|Any CPU
		{4D0BEFC8-41D0-43F7-9E61-5524893CD06D}.Release|Any CPU.ActiveCfg = Release|Any CPU
		{4D0BEFC8-41D0-43F7-9E61-5524893CD06D}.Release|Any CPU.Build.0 = Release|Any CPU
		{4533AC8B-3C7B-4D9B-96DC-3EB5195D4A66}.Debug|Any CPU.ActiveCfg = Debug|Any CPU
		{4533AC8B-3C7B-4D9B-96DC-3EB5195D4A66}.Debug|Any CPU.Build.0 = Debug|Any CPU
		{4533AC8B-3C7B-4D9B-96DC-3EB5195D4A66}.Release|Any CPU.ActiveCfg = Release|Any CPU
		{4533AC8B-3C7B-4D9B-96DC-3EB5195D4A66}.Release|Any CPU.Build.0 = Release|Any CPU
		{68F715DA-EF29-47C6-AF71-212D613AC266}.Debug|Any CPU.ActiveCfg = Debug|Any CPU
		{68F715DA-EF29-47C6-AF71-212D613AC266}.Debug|Any CPU.Build.0 = Debug|Any CPU
		{68F715DA-EF29-47C6-AF71-212D613AC266}.Release|Any CPU.ActiveCfg = Release|Any CPU
		{68F715DA-EF29-47C6-AF71-212D613AC266}.Release|Any CPU.Build.0 = Release|Any CPU
	EndGlobalSection
	GlobalSection(SolutionProperties) = preSolution
		HideSolutionNode = FALSE
	EndGlobalSection
EndGlobal
